PODS:
  - MicrosoftCognitiveServicesSpeech-macOS (1.49.1)

DEPENDENCIES:
  - MicrosoftCognitiveServicesSpeech-macOS (~> 1.49.0)

SPEC REPOS:
  trunk:
    - MicrosoftCognitiveServicesSpeech-macOS

SPEC CHECKSUMS:
  MicrosoftCognitiveServicesSpeech-macOS: dd6553a510acf213e02e768eb66022551f3930f8

PODFILE CHECKSUM: d7c314c646d343b22d90f644fef3cd29227e5e40

COCOAPODS: 1.16.2
